// !$*UTF8*$!
{
	archiveVersion = 1;
	classes = {
	};
	objectVersion = 46;
	objects = {

/* Begin PBXBuildFile section */
		392D3BE11C39FD8B00CB151A /* Xlarge Icons-50.png in Resources */ = {isa = PBXBuildFile; fileRef = 392D3BE01C39FD8B00CB151A /* Xlarge Icons-50.png */; };
		392D3BE31C39FDB400CB151A /* Movie-50.png in Resources */ = {isa = PBXBuildFile; fileRef = 392D3BE21C39FDB400CB151A /* Movie-50.png */; };
		392D3BE51C39FF0800CB151A /* icon_image.png in Resources */ = {isa = PBXBuildFile; fileRef = 392D3BE41C39FF0800CB151A /* icon_image.png */; };
		392D3BE71C39FF1100CB151A /* icon_image@2x.png in Resources */ = {isa = PBXBuildFile; fileRef = 392D3BE61C39FF1100CB151A /* icon_image@2x.png */; };
		392D3BE91C39FF1900CB151A /* icon_video.png in Resources */ = {isa = PBXBuildFile; fileRef = 392D3BE81C39FF1900CB151A /* icon_video.png */; };
		392D3BEB1C39FF1E00CB151A /* icon_video@2x.png in Resources */ = {isa = PBXBuildFile; fileRef = 392D3BEA1C39FF1E00CB151A /* icon_video@2x.png */; };
		392D3BEE1C3A086200CB151A /* ImageViewController.m in Sources */ = {isa = PBXBuildFile; fileRef = 392D3BED1C3A086200CB151A /* ImageViewController.m */; };
		392D3BF01C3A230E00CB151A /* MediaPlayer.framework in Frameworks */ = {isa = PBXBuildFile; fileRef = 392D3BEF1C3A230E00CB151A /* MediaPlayer.framework */; };
		393E19281C33B9E700CCDEE0 /* main.m in Sources */ = {isa = PBXBuildFile; fileRef = 393E19271C33B9E700CCDEE0 /* main.m */; };
		393E192B1C33B9E700CCDEE0 /* AppDelegate.m in Sources */ = {isa = PBXBuildFile; fileRef = 393E192A1C33B9E700CCDEE0 /* AppDelegate.m */; };
		393E19361C33B9E700CCDEE0 /* Assets.xcassets in Resources */ = {isa = PBXBuildFile; fileRef = 393E19351C33B9E700CCDEE0 /* Assets.xcassets */; };
		393E19391C33B9E700CCDEE0 /* LaunchScreen.storyboard in Resources */ = {isa = PBXBuildFile; fileRef = 393E19371C33B9E700CCDEE0 /* LaunchScreen.storyboard */; };
		393E19441C33B9E700CCDEE0 /* FriendSnapTests.m in Sources */ = {isa = PBXBuildFile; fileRef = 393E19431C33B9E700CCDEE0 /* FriendSnapTests.m */; };
		393E194F1C33B9E700CCDEE0 /* FriendSnapUITests.m in Sources */ = {isa = PBXBuildFile; fileRef = 393E194E1C33B9E700CCDEE0 /* FriendSnapUITests.m */; };
		393E195D1C33BA1900CCDEE0 /* Main.storyboard in Resources */ = {isa = PBXBuildFile; fileRef = 393E195C1C33BA1900CCDEE0 /* Main.storyboard */; };
		393E19601C33C1DF00CCDEE0 /* ChatViewController.m in Sources */ = {isa = PBXBuildFile; fileRef = 393E195F1C33C1DF00CCDEE0 /* ChatViewController.m */; };
		393E19621C33D18500CCDEE0 /* Parse.framework in Frameworks */ = {isa = PBXBuildFile; fileRef = 393E19611C33D18500CCDEE0 /* Parse.framework */; };
		393E19641C33D19100CCDEE0 /* Bolts.framework in Frameworks */ = {isa = PBXBuildFile; fileRef = 393E19631C33D19100CCDEE0 /* Bolts.framework */; };
		393E196F1C33D25200CCDEE0 /* AudioToolbox.framework in Frameworks */ = {isa = PBXBuildFile; fileRef = 393E19651C33D25200CCDEE0 /* AudioToolbox.framework */; };
		393E19701C33D25200CCDEE0 /* CFNetwork.framework in Frameworks */ = {isa = PBXBuildFile; fileRef = 393E19661C33D25200CCDEE0 /* CFNetwork.framework */; };
		393E19711C33D25200CCDEE0 /* CoreGraphics.framework in Frameworks */ = {isa = PBXBuildFile; fileRef = 393E19671C33D25200CCDEE0 /* CoreGraphics.framework */; };
		393E19721C33D25200CCDEE0 /* CoreLocation.framework in Frameworks */ = {isa = PBXBuildFile; fileRef = 393E19681C33D25200CCDEE0 /* CoreLocation.framework */; };
		393E19731C33D25200CCDEE0 /* libz.1.1.3.tbd in Frameworks */ = {isa = PBXBuildFile; fileRef = 393E19691C33D25200CCDEE0 /* libz.1.1.3.tbd */; };
		393E19741C33D25200CCDEE0 /* MobileCoreServices.framework in Frameworks */ = {isa = PBXBuildFile; fileRef = 393E196A1C33D25200CCDEE0 /* MobileCoreServices.framework */; };
		393E19751C33D25200CCDEE0 /* QuartzCore.framework in Frameworks */ = {isa = PBXBuildFile; fileRef = 393E196B1C33D25200CCDEE0 /* QuartzCore.framework */; };
		393E19761C33D25200CCDEE0 /* Security.framework in Frameworks */ = {isa = PBXBuildFile; fileRef = 393E196C1C33D25200CCDEE0 /* Security.framework */; };
		393E19771C33D25200CCDEE0 /* StoreKit.framework in Frameworks */ = {isa = PBXBuildFile; fileRef = 393E196D1C33D25200CCDEE0 /* StoreKit.framework */; };
		393E19781C33D25200CCDEE0 /* SystemConfiguration.framework in Frameworks */ = {isa = PBXBuildFile; fileRef = 393E196E1C33D25200CCDEE0 /* SystemConfiguration.framework */; };
		393E197A1C33D31600CCDEE0 /* libsqlite3.tbd in Frameworks */ = {isa = PBXBuildFile; fileRef = 393E19791C33D31600CCDEE0 /* libsqlite3.tbd */; };
		393E197D1C33D72A00CCDEE0 /* LoginViewController.m in Sources */ = {isa = PBXBuildFile; fileRef = 393E197C1C33D72A00CCDEE0 /* LoginViewController.m */; };
		393E19801C33D75E00CCDEE0 /* SignupViewController.m in Sources */ = {isa = PBXBuildFile; fileRef = 393E197F1C33D75E00CCDEE0 /* SignupViewController.m */; };
		393E19831C3681DB00CCDEE0 /* EditFriendsViewController.m in Sources */ = {isa = PBXBuildFile; fileRef = 393E19821C3681DB00CCDEE0 /* EditFriendsViewController.m */; };
		393E19861C36907800CCDEE0 /* GroupsViewController.m in Sources */ = {isa = PBXBuildFile; fileRef = 393E19851C36907800CCDEE0 /* GroupsViewController.m */; };
		393E19891C37588800CCDEE0 /* CameraViewController.m in Sources */ = {isa = PBXBuildFile; fileRef = 393E19881C37588800CCDEE0 /* CameraViewController.m */; };
/* End PBXBuildFile section */

/* Begin PBXContainerItemProxy section */
		393E19401C33B9E700CCDEE0 /* PBXContainerItemProxy */ = {
			isa = PBXContainerItemProxy;
			containerPortal = 393E191B1C33B9E700CCDEE0 /* Project object */;
			proxyType = 1;
			remoteGlobalIDString = 393E19221C33B9E700CCDEE0;
			remoteInfo = FriendSnap;
		};
		393E194B1C33B9E700CCDEE0 /* PBXContainerItemProxy */ = {
			isa = PBXContainerItemProxy;
			containerPortal = 393E191B1C33B9E700CCDEE0 /* Project object */;
			proxyType = 1;
			remoteGlobalIDString = 393E19221C33B9E700CCDEE0;
			remoteInfo = FriendSnap;
		};
/* End PBXContainerItemProxy section */

/* Begin PBXFileReference section */
		392D3BE01C39FD8B00CB151A /* Xlarge Icons-50.png */ = {isa = PBXFileReference; lastKnownFileType = image.png; path = "Xlarge Icons-50.png"; sourceTree = "<group>"; };
		392D3BE21C39FDB400CB151A /* Movie-50.png */ = {isa = PBXFileReference; lastKnownFileType = image.png; path = "Movie-50.png"; sourceTree = "<group>"; };
		392D3BE41C39FF0800CB151A /* icon_image.png */ = {isa = PBXFileReference; lastKnownFileType = image.png; path = icon_image.png; sourceTree = "<group>"; };
		392D3BE61C39FF1100CB151A /* icon_image@2x.png */ = {isa = PBXFileReference; lastKnownFileType = image.png; path = "icon_image@2x.png"; sourceTree = "<group>"; };
		392D3BE81C39FF1900CB151A /* icon_video.png */ = {isa = PBXFileReference; lastKnownFileType = image.png; path = icon_video.png; sourceTree = "<group>"; };
		392D3BEA1C39FF1E00CB151A /* icon_video@2x.png */ = {isa = PBXFileReference; lastKnownFileType = image.png; path = "icon_video@2x.png"; sourceTree = "<group>"; };
		392D3BEC1C3A086200CB151A /* ImageViewController.h */ = {isa = PBXFileReference; fileEncoding = 4; lastKnownFileType = sourcecode.c.h; path = ImageViewController.h; sourceTree = "<group>"; };
		392D3BED1C3A086200CB151A /* ImageViewController.m */ = {isa = PBXFileReference; fileEncoding = 4; lastKnownFileType = sourcecode.c.objc; path = ImageViewController.m; sourceTree = "<group>"; };
		392D3BEF1C3A230E00CB151A /* MediaPlayer.framework */ = {isa = PBXFileReference; lastKnownFileType = wrapper.framework; name = MediaPlayer.framework; path = System/Library/Frameworks/MediaPlayer.framework; sourceTree = SDKROOT; };
		393E19231C33B9E700CCDEE0 /* FriendSnap.app */ = {isa = PBXFileReference; explicitFileType = wrapper.application; includeInIndex = 0; path = FriendSnap.app; sourceTree = BUILT_PRODUCTS_DIR; };
		393E19271C33B9E700CCDEE0 /* main.m */ = {isa = PBXFileReference; lastKnownFileType = sourcecode.c.objc; path = main.m; sourceTree = "<group>"; };
		393E19291C33B9E700CCDEE0 /* AppDelegate.h */ = {isa = PBXFileReference; lastKnownFileType = sourcecode.c.h; path = AppDelegate.h; sourceTree = "<group>"; };
		393E192A1C33B9E700CCDEE0 /* AppDelegate.m */ = {isa = PBXFileReference; lastKnownFileType = sourcecode.c.objc; path = AppDelegate.m; sourceTree = "<group>"; };
		393E19351C33B9E700CCDEE0 /* Assets.xcassets */ = {isa = PBXFileReference; lastKnownFileType = folder.assetcatalog; path = Assets.xcassets; sourceTree = "<group>"; };
		393E19381C33B9E700CCDEE0 /* Base */ = {isa = PBXFileReference; lastKnownFileType = file.storyboard; name = Base; path = Base.lproj/LaunchScreen.storyboard; sourceTree = "<group>"; };
		393E193A1C33B9E700CCDEE0 /* Info.plist */ = {isa = PBXFileReference; lastKnownFileType = text.plist.xml; path = Info.plist; sourceTree = "<group>"; };
		393E193F1C33B9E700CCDEE0 /* FriendSnapTests.xctest */ = {isa = PBXFileReference; explicitFileType = wrapper.cfbundle; includeInIndex = 0; path = FriendSnapTests.xctest; sourceTree = BUILT_PRODUCTS_DIR; };
		393E19431C33B9E700CCDEE0 /* FriendSnapTests.m */ = {isa = PBXFileReference; lastKnownFileType = sourcecode.c.objc; path = FriendSnapTests.m; sourceTree = "<group>"; };
		393E19451C33B9E700CCDEE0 /* Info.plist */ = {isa = PBXFileReference; lastKnownFileType = text.plist.xml; path = Info.plist; sourceTree = "<group>"; };
		393E194A1C33B9E700CCDEE0 /* FriendSnapUITests.xctest */ = {isa = PBXFileReference; explicitFileType = wrapper.cfbundle; includeInIndex = 0; path = FriendSnapUITests.xctest; sourceTree = BUILT_PRODUCTS_DIR; };
		393E194E1C33B9E700CCDEE0 /* FriendSnapUITests.m */ = {isa = PBXFileReference; lastKnownFileType = sourcecode.c.objc; path = FriendSnapUITests.m; sourceTree = "<group>"; };
		393E19501C33B9E700CCDEE0 /* Info.plist */ = {isa = PBXFileReference; lastKnownFileType = text.plist.xml; path = Info.plist; sourceTree = "<group>"; };
		393E195C1C33BA1900CCDEE0 /* Main.storyboard */ = {isa = PBXFileReference; fileEncoding = 4; lastKnownFileType = file.storyboard; path = Main.storyboard; sourceTree = "<group>"; };
		393E195E1C33C1DF00CCDEE0 /* ChatViewController.h */ = {isa = PBXFileReference; fileEncoding = 4; lastKnownFileType = sourcecode.c.h; name = ChatViewController.h; path = ../ChatViewController.h; sourceTree = "<group>"; };
		393E195F1C33C1DF00CCDEE0 /* ChatViewController.m */ = {isa = PBXFileReference; fileEncoding = 4; lastKnownFileType = sourcecode.c.objc; name = ChatViewController.m; path = ../ChatViewController.m; sourceTree = "<group>"; };
		393E19611C33D18500CCDEE0 /* Parse.framework */ = {isa = PBXFileReference; lastKnownFileType = wrapper.framework; path = Parse.framework; sourceTree = "<group>"; };
		393E19631C33D19100CCDEE0 /* Bolts.framework */ = {isa = PBXFileReference; lastKnownFileType = wrapper.framework; path = Bolts.framework; sourceTree = "<group>"; };
		393E19651C33D25200CCDEE0 /* AudioToolbox.framework */ = {isa = PBXFileReference; lastKnownFileType = wrapper.framework; name = AudioToolbox.framework; path = System/Library/Frameworks/AudioToolbox.framework; sourceTree = SDKROOT; };
		393E19661C33D25200CCDEE0 /* CFNetwork.framework */ = {isa = PBXFileReference; lastKnownFileType = wrapper.framework; name = CFNetwork.framework; path = System/Library/Frameworks/CFNetwork.framework; sourceTree = SDKROOT; };
		393E19671C33D25200CCDEE0 /* CoreGraphics.framework */ = {isa = PBXFileReference; lastKnownFileType = wrapper.framework; name = CoreGraphics.framework; path = System/Library/Frameworks/CoreGraphics.framework; sourceTree = SDKROOT; };
		393E19681C33D25200CCDEE0 /* CoreLocation.framework */ = {isa = PBXFileReference; lastKnownFileType = wrapper.framework; name = CoreLocation.framework; path = System/Library/Frameworks/CoreLocation.framework; sourceTree = SDKROOT; };
		393E19691C33D25200CCDEE0 /* libz.1.1.3.tbd */ = {isa = PBXFileReference; lastKnownFileType = "sourcecode.text-based-dylib-definition"; name = libz.1.1.3.tbd; path = usr/lib/libz.1.1.3.tbd; sourceTree = SDKROOT; };
		393E196A1C33D25200CCDEE0 /* MobileCoreServices.framework */ = {isa = PBXFileReference; lastKnownFileType = wrapper.framework; name = MobileCoreServices.framework; path = System/Library/Frameworks/MobileCoreServices.framework; sourceTree = SDKROOT; };
		393E196B1C33D25200CCDEE0 /* QuartzCore.framework */ = {isa = PBXFileReference; lastKnownFileType = wrapper.framework; name = QuartzCore.framework; path = System/Library/Frameworks/QuartzCore.framework; sourceTree = SDKROOT; };
		393E196C1C33D25200CCDEE0 /* Security.framework */ = {isa = PBXFileReference; lastKnownFileType = wrapper.framework; name = Security.framework; path = System/Library/Frameworks/Security.framework; sourceTree = SDKROOT; };
		393E196D1C33D25200CCDEE0 /* StoreKit.framework */ = {isa = PBXFileReference; lastKnownFileType = wrapper.framework; name = StoreKit.framework; path = System/Library/Frameworks/StoreKit.framework; sourceTree = SDKROOT; };
		393E196E1C33D25200CCDEE0 /* SystemConfiguration.framework */ = {isa = PBXFileReference; lastKnownFileType = wrapper.framework; name = SystemConfiguration.framework; path = System/Library/Frameworks/SystemConfiguration.framework; sourceTree = SDKROOT; };
		393E19791C33D31600CCDEE0 /* libsqlite3.tbd */ = {isa = PBXFileReference; lastKnownFileType = "sourcecode.text-based-dylib-definition"; name = libsqlite3.tbd; path = usr/lib/libsqlite3.tbd; sourceTree = SDKROOT; };
		393E197B1C33D72A00CCDEE0 /* LoginViewController.h */ = {isa = PBXFileReference; fileEncoding = 4; lastKnownFileType = sourcecode.c.h; path = LoginViewController.h; sourceTree = "<group>"; };
		393E197C1C33D72A00CCDEE0 /* LoginViewController.m */ = {isa = PBXFileReference; fileEncoding = 4; lastKnownFileType = sourcecode.c.objc; path = LoginViewController.m; sourceTree = "<group>"; };
		393E197E1C33D75E00CCDEE0 /* SignupViewController.h */ = {isa = PBXFileReference; fileEncoding = 4; lastKnownFileType = sourcecode.c.h; path = SignupViewController.h; sourceTree = "<group>"; };
		393E197F1C33D75E00CCDEE0 /* SignupViewController.m */ = {isa = PBXFileReference; fileEncoding = 4; lastKnownFileType = sourcecode.c.objc; path = SignupViewController.m; sourceTree = "<group>"; };
		393E19811C3681DB00CCDEE0 /* EditFriendsViewController.h */ = {isa = PBXFileReference; fileEncoding = 4; lastKnownFileType = sourcecode.c.h; path = EditFriendsViewController.h; sourceTree = "<group>"; };
		393E19821C3681DB00CCDEE0 /* EditFriendsViewController.m */ = {isa = PBXFileReference; fileEncoding = 4; lastKnownFileType = sourcecode.c.objc; path = EditFriendsViewController.m; sourceTree = "<group>"; };
		393E19841C36907800CCDEE0 /* GroupsViewController.h */ = {isa = PBXFileReference; fileEncoding = 4; lastKnownFileType = sourcecode.c.h; path = GroupsViewController.h; sourceTree = "<group>"; };
		393E19851C36907800CCDEE0 /* GroupsViewController.m */ = {isa = PBXFileReference; fileEncoding = 4; lastKnownFileType = sourcecode.c.objc; path = GroupsViewController.m; sourceTree = "<group>"; };
		393E19871C37588800CCDEE0 /* CameraViewController.h */ = {isa = PBXFileReference; fileEncoding = 4; lastKnownFileType = sourcecode.c.h; path = CameraViewController.h; sourceTree = "<group>"; };
		393E19881C37588800CCDEE0 /* CameraViewController.m */ = {isa = PBXFileReference; fileEncoding = 4; lastKnownFileType = sourcecode.c.objc; path = CameraViewController.m; sourceTree = "<group>"; };
/* End PBXFileReference section */

/* Begin PBXFrameworksBuildPhase section */
		393E19201C33B9E700CCDEE0 /* Frameworks */ = {
			isa = PBXFrameworksBuildPhase;
			buildActionMask = 2147483647;
			files = (
				392D3BF01C3A230E00CB151A /* MediaPlayer.framework in Frameworks */,
				393E197A1C33D31600CCDEE0 /* libsqlite3.tbd in Frameworks */,
				393E196F1C33D25200CCDEE0 /* AudioToolbox.framework in Frameworks */,
				393E19701C33D25200CCDEE0 /* CFNetwork.framework in Frameworks */,
				393E19711C33D25200CCDEE0 /* CoreGraphics.framework in Frameworks */,
				393E19721C33D25200CCDEE0 /* CoreLocation.framework in Frameworks */,
				393E19731C33D25200CCDEE0 /* libz.1.1.3.tbd in Frameworks */,
				393E19741C33D25200CCDEE0 /* MobileCoreServices.framework in Frameworks */,
				393E19751C33D25200CCDEE0 /* QuartzCore.framework in Frameworks */,
				393E19761C33D25200CCDEE0 /* Security.framework in Frameworks */,
				393E19771C33D25200CCDEE0 /* StoreKit.framework in Frameworks */,
				393E19781C33D25200CCDEE0 /* SystemConfiguration.framework in Frameworks */,
				393E19621C33D18500CCDEE0 /* Parse.framework in Frameworks */,
				393E19641C33D19100CCDEE0 /* Bolts.framework in Frameworks */,
			);
			runOnlyForDeploymentPostprocessing = 0;
		};
		393E193C1C33B9E700CCDEE0 /* Frameworks */ = {
			isa = PBXFrameworksBuildPhase;
			buildActionMask = 2147483647;
			files = (
			);
			runOnlyForDeploymentPostprocessing = 0;
		};
		393E19471C33B9E700CCDEE0 /* Frameworks */ = {
			isa = PBXFrameworksBuildPhase;
			buildActionMask = 2147483647;
			files = (
			);
			runOnlyForDeploymentPostprocessing = 0;
		};
/* End PBXFrameworksBuildPhase section */

/* Begin PBXGroup section */
		393E191A1C33B9E700CCDEE0 = {
			isa = PBXGroup;
			children = (
				392D3BEF1C3A230E00CB151A /* MediaPlayer.framework */,
				393E19791C33D31600CCDEE0 /* libsqlite3.tbd */,
				393E19651C33D25200CCDEE0 /* AudioToolbox.framework */,
				393E19661C33D25200CCDEE0 /* CFNetwork.framework */,
				393E19671C33D25200CCDEE0 /* CoreGraphics.framework */,
				393E19681C33D25200CCDEE0 /* CoreLocation.framework */,
				393E19691C33D25200CCDEE0 /* libz.1.1.3.tbd */,
				393E196A1C33D25200CCDEE0 /* MobileCoreServices.framework */,
				393E196B1C33D25200CCDEE0 /* QuartzCore.framework */,
				393E196C1C33D25200CCDEE0 /* Security.framework */,
				393E196D1C33D25200CCDEE0 /* StoreKit.framework */,
				393E196E1C33D25200CCDEE0 /* SystemConfiguration.framework */,
				393E19251C33B9E700CCDEE0 /* FriendSnap */,
				393E19421C33B9E700CCDEE0 /* FriendSnapTests */,
				393E194D1C33B9E700CCDEE0 /* FriendSnapUITests */,
				393E19241C33B9E700CCDEE0 /* Products */,
			);
			sourceTree = "<group>";
		};
		393E19241C33B9E700CCDEE0 /* Products */ = {
			isa = PBXGroup;
			children = (
				393E19231C33B9E700CCDEE0 /* FriendSnap.app */,
				393E193F1C33B9E700CCDEE0 /* FriendSnapTests.xctest */,
				393E194A1C33B9E700CCDEE0 /* FriendSnapUITests.xctest */,
			);
			name = Products;
			sourceTree = "<group>";
		};
		393E19251C33B9E700CCDEE0 /* FriendSnap */ = {
			isa = PBXGroup;
			children = (
				393E19611C33D18500CCDEE0 /* Parse.framework */,
				393E19631C33D19100CCDEE0 /* Bolts.framework */,
				392D3BE01C39FD8B00CB151A /* Xlarge Icons-50.png */,
				392D3BE21C39FDB400CB151A /* Movie-50.png */,
				392D3BE41C39FF0800CB151A /* icon_image.png */,
				392D3BE61C39FF1100CB151A /* icon_image@2x.png */,
				392D3BE81C39FF1900CB151A /* icon_video.png */,
				392D3BEA1C39FF1E00CB151A /* icon_video@2x.png */,
				393E192A1C33B9E700CCDEE0 /* AppDelegate.m */,
				393E19291C33B9E700CCDEE0 /* AppDelegate.h */,
				393E195E1C33C1DF00CCDEE0 /* ChatViewController.h */,
				393E195F1C33C1DF00CCDEE0 /* ChatViewController.m */,
				393E195C1C33BA1900CCDEE0 /* Main.storyboard */,
				392D3BEC1C3A086200CB151A /* ImageViewController.h */,
				392D3BED1C3A086200CB151A /* ImageViewController.m */,
				393E19811C3681DB00CCDEE0 /* EditFriendsViewController.h */,
				393E19821C3681DB00CCDEE0 /* EditFriendsViewController.m */,
				393E19841C36907800CCDEE0 /* GroupsViewController.h */,
				393E19851C36907800CCDEE0 /* GroupsViewController.m */,
				393E19871C37588800CCDEE0 /* CameraViewController.h */,
				393E19881C37588800CCDEE0 /* CameraViewController.m */,
				393E197E1C33D75E00CCDEE0 /* SignupViewController.h */,
				393E197F1C33D75E00CCDEE0 /* SignupViewController.m */,
				393E197B1C33D72A00CCDEE0 /* LoginViewController.h */,
				393E197C1C33D72A00CCDEE0 /* LoginViewController.m */,
				393E19351C33B9E700CCDEE0 /* Assets.xcassets */,
				393E19371C33B9E700CCDEE0 /* LaunchScreen.storyboard */,
				393E193A1C33B9E700CCDEE0 /* Info.plist */,
				393E19261C33B9E700CCDEE0 /* Supporting Files */,
			);
			path = FriendSnap;
			sourceTree = "<group>";
		};
		393E19261C33B9E700CCDEE0 /* Supporting Files */ = {
			isa = PBXGroup;
			children = (
				393E19271C33B9E700CCDEE0 /* main.m */,
			);
			name = "Supporting Files";
			sourceTree = "<group>";
		};
		393E19421C33B9E700CCDEE0 /* FriendSnapTests */ = {
			isa = PBXGroup;
			children = (
				393E19431C33B9E700CCDEE0 /* FriendSnapTests.m */,
				393E19451C33B9E700CCDEE0 /* Info.plist */,
			);
			path = FriendSnapTests;
			sourceTree = "<group>";
		};
		393E194D1C33B9E700CCDEE0 /* FriendSnapUITests */ = {
			isa = PBXGroup;
			children = (
				393E194E1C33B9E700CCDEE0 /* FriendSnapUITests.m */,
				393E19501C33B9E700CCDEE0 /* Info.plist */,
			);
			path = FriendSnapUITests;
			sourceTree = "<group>";
		};
/* End PBXGroup section */

/* Begin PBXNativeTarget section */
		393E19221C33B9E700CCDEE0 /* FriendSnap */ = {
			isa = PBXNativeTarget;
			buildConfigurationList = 393E19531C33B9E700CCDEE0 /* Build configuration list for PBXNativeTarget "FriendSnap" */;
			buildPhases = (
				393E191F1C33B9E700CCDEE0 /* Sources */,
				393E19201C33B9E700CCDEE0 /* Frameworks */,
				393E19211C33B9E700CCDEE0 /* Resources */,
			);
			buildRules = (
			);
			dependencies = (
			);
			name = FriendSnap;
			productName = FriendSnap;
			productReference = 393E19231C33B9E700CCDEE0 /* FriendSnap.app */;
			productType = "com.apple.product-type.application";
		};
		393E193E1C33B9E700CCDEE0 /* FriendSnapTests */ = {
			isa = PBXNativeTarget;
			buildConfigurationList = 393E19561C33B9E700CCDEE0 /* Build configuration list for PBXNativeTarget "FriendSnapTests" */;
			buildPhases = (
				393E193B1C33B9E700CCDEE0 /* Sources */,
				393E193C1C33B9E700CCDEE0 /* Frameworks */,
				393E193D1C33B9E700CCDEE0 /* Resources */,
			);
			buildRules = (
			);
			dependencies = (
				393E19411C33B9E700CCDEE0 /* PBXTargetDependency */,
			);
			name = FriendSnapTests;
			productName = FriendSnapTests;
			productReference = 393E193F1C33B9E700CCDEE0 /* FriendSnapTests.xctest */;
			productType = "com.apple.product-type.bundle.unit-test";
		};
		393E19491C33B9E700CCDEE0 /* FriendSnapUITests */ = {
			isa = PBXNativeTarget;
			buildConfigurationList = 393E19591C33B9E700CCDEE0 /* Build configuration list for PBXNativeTarget "FriendSnapUITests" */;
			buildPhases = (
				393E19461C33B9E700CCDEE0 /* Sources */,
				393E19471C33B9E700CCDEE0 /* Frameworks */,
				393E19481C33B9E700CCDEE0 /* Resources */,
			);
			buildRules = (
			);
			dependencies = (
				393E194C1C33B9E700CCDEE0 /* PBXTargetDependency */,
			);
			name = FriendSnapUITests;
			productName = FriendSnapUITests;
			productReference = 393E194A1C33B9E700CCDEE0 /* FriendSnapUITests.xctest */;
			productType = "com.apple.product-type.bundle.ui-testing";
		};
/* End PBXNativeTarget section */

/* Begin PBXProject section */
		393E191B1C33B9E700CCDEE0 /* Project object */ = {
			isa = PBXProject;
			attributes = {
				LastUpgradeCheck = 0710;
				ORGANIZATIONNAME = "cristian cirjan";
				TargetAttributes = {
					393E19221C33B9E700CCDEE0 = {
						CreatedOnToolsVersion = 7.1.1;
						DevelopmentTeam = DLF89ERA48;
					};
					393E193E1C33B9E700CCDEE0 = {
						CreatedOnToolsVersion = 7.1.1;
						TestTargetID = 393E19221C33B9E700CCDEE0;
					};
					393E19491C33B9E700CCDEE0 = {
						CreatedOnToolsVersion = 7.1.1;
						TestTargetID = 393E19221C33B9E700CCDEE0;
					};
				};
			};
			buildConfigurationList = 393E191E1C33B9E700CCDEE0 /* Build configuration list for PBXProject "FriendSnap" */;
			compatibilityVersion = "Xcode 3.2";
			developmentRegion = English;
			hasScannedForEncodings = 0;
			knownRegions = (
				en,
				Base,
			);
			mainGroup = 393E191A1C33B9E700CCDEE0;
			productRefGroup = 393E19241C33B9E700CCDEE0 /* Products */;
			projectDirPath = "";
			projectRoot = "";
			targets = (
				393E19221C33B9E700CCDEE0 /* FriendSnap */,
				393E193E1C33B9E700CCDEE0 /* FriendSnapTests */,
				393E19491C33B9E700CCDEE0 /* FriendSnapUITests */,
			);
		};
/* End PBXProject section */

/* Begin PBXResourcesBuildPhase section */
		393E19211C33B9E700CCDEE0 /* Resources */ = {
			isa = PBXResourcesBuildPhase;
			buildActionMask = 2147483647;
			files = (
				392D3BE91C39FF1900CB151A /* icon_video.png in Resources */,
				392D3BEB1C39FF1E00CB151A /* icon_video@2x.png in Resources */,
				392D3BE51C39FF0800CB151A /* icon_image.png in Resources */,
				393E195D1C33BA1900CCDEE0 /* Main.storyboard in Resources */,
				393E19391C33B9E700CCDEE0 /* LaunchScreen.storyboard in Resources */,
				393E19361C33B9E700CCDEE0 /* Assets.xcassets in Resources */,
				392D3BE71C39FF1100CB151A /* icon_image@2x.png in Resources */,
				392D3BE11C39FD8B00CB151A /* Xlarge Icons-50.png in Resources */,
				392D3BE31C39FDB400CB151A /* Movie-50.png in Resources */,
			);
			runOnlyForDeploymentPostprocessing = 0;
		};
		393E193D1C33B9E700CCDEE0 /* Resources */ = {
			isa = PBXResourcesBuildPhase;
			buildActionMask = 2147483647;
			files = (
			);
			runOnlyForDeploymentPostprocessing = 0;
		};
		393E19481C33B9E700CCDEE0 /* Resources */ = {
			isa = PBXResourcesBuildPhase;
			buildActionMask = 2147483647;
			files = (
			);
			runOnlyForDeploymentPostprocessing = 0;
		};
/* End PBXResourcesBuildPhase section */

/* Begin PBXSourcesBuildPhase section */
		393E191F1C33B9E700CCDEE0 /* Sources */ = {
			isa = PBXSourcesBuildPhase;
			buildActionMask = 2147483647;
			files = (
				393E19861C36907800CCDEE0 /* GroupsViewController.m in Sources */,
				393E19891C37588800CCDEE0 /* CameraViewController.m in Sources */,
				393E197D1C33D72A00CCDEE0 /* LoginViewController.m in Sources */,
				393E192B1C33B9E700CCDEE0 /* AppDelegate.m in Sources */,
				393E19281C33B9E700CCDEE0 /* main.m in Sources */,
				393E19601C33C1DF00CCDEE0 /* ChatViewController.m in Sources */,
				392D3BEE1C3A086200CB151A /* ImageViewController.m in Sources */,
				393E19831C3681DB00CCDEE0 /* EditFriendsViewController.m in Sources */,
				393E19801C33D75E00CCDEE0 /* SignupViewController.m in Sources */,
			);
			runOnlyForDeploymentPostprocessing = 0;
		};
		393E193B1C33B9E700CCDEE0 /* Sources */ = {
			isa = PBXSourcesBuildPhase;
			buildActionMask = 2147483647;
			files = (
				393E19441C33B9E700CCDEE0 /* FriendSnapTests.m in Sources */,
			);
			runOnlyForDeploymentPostprocessing = 0;
		};
		393E19461C33B9E700CCDEE0 /* Sources */ = {
			isa = PBXSourcesBuildPhase;
			buildActionMask = 2147483647;
			files = (
				393E194F1C33B9E700CCDEE0 /* FriendSnapUITests.m in Sources */,
			);
			runOnlyForDeploymentPostprocessing = 0;
		};
/* End PBXSourcesBuildPhase section */

/* Begin PBXTargetDependency section */
		393E19411C33B9E700CCDEE0 /* PBXTargetDependency */ = {
			isa = PBXTargetDependency;
			target = 393E19221C33B9E700CCDEE0 /* FriendSnap */;
			targetProxy = 393E19401C33B9E700CCDEE0 /* PBXContainerItemProxy */;
		};
		393E194C1C33B9E700CCDEE0 /* PBXTargetDependency */ = {
			isa = PBXTargetDependency;
			target = 393E19221C33B9E700CCDEE0 /* FriendSnap */;
			targetProxy = 393E194B1C33B9E700CCDEE0 /* PBXContainerItemProxy */;
		};
/* End PBXTargetDependency section */

/* Begin PBXVariantGroup section */
		393E19371C33B9E700CCDEE0 /* LaunchScreen.storyboard */ = {
			isa = PBXVariantGroup;
			children = (
				393E19381C33B9E700CCDEE0 /* Base */,
			);
			name = LaunchScreen.storyboard;
			sourceTree = "<group>";
		};
/* End PBXVariantGroup section */

/* Begin XCBuildConfiguration section */
		393E19511C33B9E700CCDEE0 /* Debug */ = {
			isa = XCBuildConfiguration;
			buildSettings = {
				ALWAYS_SEARCH_USER_PATHS = NO;
				CLANG_CXX_LANGUAGE_STANDARD = "gnu++0x";
				CLANG_CXX_LIBRARY = "libc++";
				CLANG_ENABLE_MODULES = YES;
				CLANG_ENABLE_OBJC_ARC = YES;
				CLANG_WARN_BOOL_CONVERSION = YES;
				CLANG_WARN_CONSTANT_CONVERSION = YES;
				CLANG_WARN_DIRECT_OBJC_ISA_USAGE = YES_ERROR;
				CLANG_WARN_EMPTY_BODY = YES;
				CLANG_WARN_ENUM_CONVERSION = YES;
				CLANG_WARN_INT_CONVERSION = YES;
				CLANG_WARN_OBJC_ROOT_CLASS = YES_ERROR;
				CLANG_WARN_UNREACHABLE_CODE = YES;
				CLANG_WARN__DUPLICATE_METHOD_MATCH = YES;
				"CODE_SIGN_IDENTITY[sdk=iphoneos*]" = "iPhone Developer";
				COPY_PHASE_STRIP = NO;
				DEBUG_INFORMATION_FORMAT = dwarf;
				ENABLE_STRICT_OBJC_MSGSEND = YES;
				ENABLE_TESTABILITY = YES;
				GCC_C_LANGUAGE_STANDARD = gnu99;
				GCC_DYNAMIC_NO_PIC = NO;
				GCC_NO_COMMON_BLOCKS = YES;
				GCC_OPTIMIZATION_LEVEL = 0;
				GCC_PREPROCESSOR_DEFINITIONS = (
					"DEBUG=1",
					"$(inherited)",
				);
				GCC_WARN_64_TO_32_BIT_CONVERSION = YES;
				GCC_WARN_ABOUT_RETURN_TYPE = YES_ERROR;
				GCC_WARN_UNDECLARED_SELECTOR = YES;
				GCC_WARN_UNINITIALIZED_AUTOS = YES_AGGRESSIVE;
				GCC_WARN_UNUSED_FUNCTION = YES;
				GCC_WARN_UNUSED_VARIABLE = YES;
				IPHONEOS_DEPLOYMENT_TARGET = 9.1;
				MTL_ENABLE_DEBUG_INFO = YES;
				ONLY_ACTIVE_ARCH = YES;
				SDKROOT = iphoneos;
			};
			name = Debug;
		};
		393E19521C33B9E700CCDEE0 /* Release */ = {
			isa = XCBuildConfiguration;
			buildSettings = {
				ALWAYS_SEARCH_USER_PATHS = NO;
				CLANG_CXX_LANGUAGE_STANDARD = "gnu++0x";
				CLANG_CXX_LIBRARY = "libc++";
				CLANG_ENABLE_MODULES = YES;
				CLANG_ENABLE_OBJC_ARC = YES;
				CLANG_WARN_BOOL_CONVERSION = YES;
				CLANG_WARN_CONSTANT_CONVERSION = YES;
				CLANG_WARN_DIRECT_OBJC_ISA_USAGE = YES_ERROR;
				CLANG_WARN_EMPTY_BODY = YES;
				CLANG_WARN_ENUM_CONVERSION = YES;
				CLANG_WARN_INT_CONVERSION = YES;
				CLANG_WARN_OBJC_ROOT_CLASS = YES_ERROR;
				CLANG_WARN_UNREACHABLE_CODE = YES;
				CLANG_WARN__DUPLICATE_METHOD_MATCH = YES;
				"CODE_SIGN_IDENTITY[sdk=iphoneos*]" = "iPhone Developer";
				COPY_PHASE_STRIP = NO;
				DEBUG_INFORMATION_FORMAT = "dwarf-with-dsym";
				ENABLE_NS_ASSERTIONS = NO;
				ENABLE_STRICT_OBJC_MSGSEND = YES;
				GCC_C_LANGUAGE_STANDARD = gnu99;
				GCC_NO_COMMON_BLOCKS = YES;
				GCC_WARN_64_TO_32_BIT_CONVERSION = YES;
				GCC_WARN_ABOUT_RETURN_TYPE = YES_ERROR;
				GCC_WARN_UNDECLARED_SELECTOR = YES;
				GCC_WARN_UNINITIALIZED_AUTOS = YES_AGGRESSIVE;
				GCC_WARN_UNUSED_FUNCTION = YES;
				GCC_WARN_UNUSED_VARIABLE = YES;
				IPHONEOS_DEPLOYMENT_TARGET = 9.1;
				MTL_ENABLE_DEBUG_INFO = NO;
				SDKROOT = iphoneos;
				VALIDATE_PRODUCT = YES;
			};
			name = Release;
		};
		393E19541C33B9E700CCDEE0 /* Debug */ = {
			isa = XCBuildConfiguration;
			buildSettings = {
				ASSETCATALOG_COMPILER_APPICON_NAME = AppIcon;
				CODE_SIGN_IDENTITY = "iPhone Developer";
				FRAMEWORK_SEARCH_PATHS = (
					"$(inherited)",
					"$(PROJECT_DIR)/FriendSnap",
				);
				INFOPLIST_FILE = FriendSnap/Info.plist;
				LD_RUNPATH_SEARCH_PATHS = "$(inherited) @executable_path/Frameworks";
				PRODUCT_BUNDLE_IDENTIFIER = asu.FriendSnap;
				PRODUCT_NAME = "$(TARGET_NAME)";
			};
			name = Debug;
		};
		393E19551C33B9E700CCDEE0 /* Release */ = {
			isa = XCBuildConfiguration;
			buildSettings = {
				ASSETCATALOG_COMPILER_APPICON_NAME = AppIcon;
				CODE_SIGN_IDENTITY = "iPhone Developer";
				FRAMEWORK_SEARCH_PATHS = (
					"$(inherited)",
					"$(PROJECT_DIR)/FriendSnap",
				);
				INFOPLIST_FILE = FriendSnap/Info.plist;
				LD_RUNPATH_SEARCH_PATHS = "$(inherited) @executable_path/Frameworks";
				PRODUCT_BUNDLE_IDENTIFIER = asu.FriendSnap;
				PRODUCT_NAME = "$(TARGET_NAME)";
			};
			name = Release;
		};
		393E19571C33B9E700CCDEE0 /* Debug */ = {
			isa = XCBuildConfiguration;
			buildSettings = {
				BUNDLE_LOADER = "$(TEST_HOST)";
				INFOPLIST_FILE = FriendSnapTests/Info.plist;
				LD_RUNPATH_SEARCH_PATHS = "$(inherited) @executable_path/Frameworks @loader_path/Frameworks";
				PRODUCT_BUNDLE_IDENTIFIER = asu.FriendSnapTests;
				PRODUCT_NAME = "$(TARGET_NAME)";
				TEST_HOST = "$(BUILT_PRODUCTS_DIR)/FriendSnap.app/FriendSnap";
			};
			name = Debug;
		};
		393E19581C33B9E700CCDEE0 /* Release */ = {
			isa = XCBuildConfiguration;
			buildSettings = {
				BUNDLE_LOADER = "$(TEST_HOST)";
				INFOPLIST_FILE = FriendSnapTests/Info.plist;
				LD_RUNPATH_SEARCH_PATHS = "$(inherited) @executable_path/Frameworks @loader_path/Frameworks";
				PRODUCT_BUNDLE_IDENTIFIER = asu.FriendSnapTests;
				PRODUCT_NAME = "$(TARGET_NAME)";
				TEST_HOST = "$(BUILT_PRODUCTS_DIR)/FriendSnap.app/FriendSnap";
			};
			name = Release;
		};
		393E195A1C33B9E700CCDEE0 /* Debug */ = {
			isa = XCBuildConfiguration;
			buildSettings = {
				INFOPLIST_FILE = FriendSnapUITests/Info.plist;
				LD_RUNPATH_SEARCH_PATHS = "$(inherited) @executable_path/Frameworks @loader_path/Frameworks";
				PRODUCT_BUNDLE_IDENTIFIER = asu.FriendSnapUITests;
				PRODUCT_NAME = "$(TARGET_NAME)";
				TEST_TARGET_NAME = FriendSnap;
				USES_XCTRUNNER = YES;
			};
			name = Debug;
		};
		393E195B1C33B9E700CCDEE0 /* Release */ = {
			isa = XCBuildConfiguration;
			buildSettings = {
				INFOPLIST_FILE = FriendSnapUITests/Info.plist;
				LD_RUNPATH_SEARCH_PATHS = "$(inherited) @executable_path/Frameworks @loader_path/Frameworks";
				PRODUCT_BUNDLE_IDENTIFIER = asu.FriendSnapUITests;
				PRODUCT_NAME = "$(TARGET_NAME)";
				TEST_TARGET_NAME = FriendSnap;
				USES_XCTRUNNER = YES;
			};
			name = Release;
		};
/* End XCBuildConfiguration section */

/* Begin XCConfigurationList section */
		393E191E1C33B9E700CCDEE0 /* Build configuration list for PBXProject "FriendSnap" */ = {
			isa = XCConfigurationList;
			buildConfigurations = (
				393E19511C33B9E700CCDEE0 /* Debug */,
				393E19521C33B9E700CCDEE0 /* Release */,
			);
			defaultConfigurationIsVisible = 0;
			defaultConfigurationName = Release;
		};
		393E19531C33B9E700CCDEE0 /* Build configuration list for PBXNativeTarget "FriendSnap" */ = {
			isa = XCConfigurationList;
			buildConfigurations = (
				393E19541C33B9E700CCDEE0 /* Debug */,
				393E19551C33B9E700CCDEE0 /* Release */,
			);
			defaultConfigurationIsVisible = 0;
			defaultConfigurationName = Release;
		};
		393E19561C33B9E700CCDEE0 /* Build configuration list for PBXNativeTarget "FriendSnapTests" */ = {
			isa = XCConfigurationList;
			buildConfigurations = (
				393E19571C33B9E700CCDEE0 /* Debug */,
				393E19581C33B9E700CCDEE0 /* Release */,
			);
			defaultConfigurationIsVisible = 0;
			defaultConfigurationName = Release;
		};
		393E19591C33B9E700CCDEE0 /* Build configuration list for PBXNativeTarget "FriendSnapUITests" */ = {
			isa = XCConfigurationList;
			buildConfigurations = (
				393E195A1C33B9E700CCDEE0 /* Debug */,
				393E195B1C33B9E700CCDEE0 /* Release */,
			);
			defaultConfigurationIsVisible = 0;
			defaultConfigurationName = Release;
		};
/* End XCConfigurationList section */
	};
	rootObject = 393E191B1C33B9E700CCDEE0 /* Project object */;
}
